{
  "name": "trigger",
  "version": "1.0.0",
  "lockfileVersion": 1,
  "requires": true,
  "dependencies": {
    "@azure/abort-controller": {
      "version": "1.0.0",
      "resolved": "https://registry.npmjs.org/@azure/abort-controller/-/abort-controller-1.0.0.tgz",
      "integrity": "sha512-U4RM+AuCxlwq1GDP+VSswfzxvsmQ2hUAAhii2Em2xf0e00/6CsZAoQnQCxhvLDe39pebjivobU29LioN9x+DJQ==",
      "requires": {
        "tslib": "^1.9.3"
      }
    },
    "@azure/core-asynciterator-polyfill": {
      "version": "1.0.0",
      "resolved": "https://registry.npmjs.org/@azure/core-asynciterator-polyfill/-/core-asynciterator-polyfill-1.0.0.tgz",
      "integrity": "sha1-3MzruIQG5cduDh1S6MxMQ6aLPuc="
    },
    "@azure/core-auth": {
      "version": "1.0.0",
      "resolved": "https://registry.npmjs.org/@azure/core-auth/-/core-auth-1.0.0.tgz",
      "integrity": "sha512-DcXqxt0O0HDhYTcrN16e/hJutFkFTM8fQq6bJbHuDh5AUbDUKFrF64hj5RXATukThOszGFrR1MWJOGZPSo7fiA==",
      "requires": {
        "@azure/abort-controller": "^1.0.0",
        "@azure/core-tracing": "1.0.0-preview.5",
        "tslib": "^1.9.3"
      }
    },
    "@azure/core-http": {
      "version": "1.0.0",
      "resolved": "https://registry.npmjs.org/@azure/core-http/-/core-http-1.0.0.tgz",
      "integrity": "sha512-vUVrALCoxY0gRfGWbEdiaFGK7qJMV/ZjZucN+LWZZGy/NdP5Iv6nVrxeb7YYIhPDsmcRvABYHrZUt01TB/8aAQ==",
      "requires": {
        "@azure/abort-controller": "^1.0.0",
        "@azure/core-auth": "^1.0.0",
        "@azure/core-tracing": "1.0.0-preview.5",
        "@azure/logger": "^1.0.0",
        "@types/node-fetch": "^2.5.0",
        "@types/tunnel": "^0.0.1",
        "form-data": "^2.5.0",
        "node-fetch": "^2.6.0",
        "process": "^0.11.10",
        "tough-cookie": "^3.0.1",
        "tslib": "^1.9.3",
        "tunnel": "^0.0.6",
        "uuid": "^3.3.2",
        "xml2js": "^0.4.19"
      },
      "dependencies": {
        "form-data": {
          "version": "2.5.1",
          "resolved": "https://registry.npmjs.org/form-data/-/form-data-2.5.1.tgz",
          "integrity": "sha512-m21N3WOmEEURgk6B9GLOE4RuWOFf28Lhh9qGYeNlGq4VDXUlJy2th2slBNU8Gp8EzloYZOibZJ7t5ecIrFSjVA==",
          "requires": {
            "asynckit": "^0.4.0",
            "combined-stream": "^1.0.6",
            "mime-types": "^2.1.12"
          }
        },
        "sax": {
          "version": "1.2.4",
          "resolved": "https://registry.npmjs.org/sax/-/sax-1.2.4.tgz",
          "integrity": "sha512-NqVDv9TpANUjFm0N8uM5GxL36UgKi9/atZw+x7YFnQ8ckwFGKrl4xX4yWtrey3UJm5nP1kUbnYgLopqWNSRhWw=="
        },
        "tough-cookie": {
          "version": "3.0.1",
          "resolved": "https://registry.npmjs.org/tough-cookie/-/tough-cookie-3.0.1.tgz",
          "integrity": "sha512-yQyJ0u4pZsv9D4clxO69OEjLWYw+jbgspjTue4lTQZLfV0c5l1VmK2y1JK8E9ahdpltPOaAThPcp5nKPUgSnsg==",
          "requires": {
            "ip-regex": "^2.1.0",
            "psl": "^1.1.28",
            "punycode": "^2.1.1"
          }
        },
        "xml2js": {
          "version": "0.4.22",
          "resolved": "https://registry.npmjs.org/xml2js/-/xml2js-0.4.22.tgz",
          "integrity": "sha512-MWTbxAQqclRSTnehWWe5nMKzI3VmJ8ltiJEco8akcC6j3miOhjjfzKum5sId+CWhfxdOs/1xauYr8/ZDBtQiRw==",
          "requires": {
            "sax": ">=0.6.0",
            "util.promisify": "~1.0.0",
            "xmlbuilder": "~11.0.0"
          }
        },
        "xmlbuilder": {
          "version": "11.0.1",
          "resolved": "https://registry.npmjs.org/xmlbuilder/-/xmlbuilder-11.0.1.tgz",
          "integrity": "sha512-fDlsI/kFEx7gLvbecc0/ohLG50fugQp8ryHzMTuW9vSa1GJ0XYWKnhsUx7oie3G98+r56aTQIUB4kht42R3JvA=="
        }
      }
    },
    "@azure/core-lro": {
      "version": "1.0.0",
      "resolved": "https://registry.npmjs.org/@azure/core-lro/-/core-lro-1.0.0.tgz",
      "integrity": "sha1-mDc5jgOqBLWwsJFY9DOIYTSNzOQ=",
      "requires": {
        "@azure/abort-controller": "^1.0.0",
        "@azure/core-http": "^1.0.0",
        "events": "^3.0.0",
        "tslib": "^1.9.3"
      }
    },
    "@azure/core-paging": {
      "version": "1.0.0",
      "resolved": "https://registry.npmjs.org/@azure/core-paging/-/core-paging-1.0.0.tgz",
      "integrity": "sha1-OqOFVYIVQmAyb+6pf5+DIsv+Vtk=",
      "requires": {
        "@azure/core-asynciterator-polyfill": "^1.0.0"
      }
    },
    "@azure/core-tracing": {
      "version": "1.0.0-preview.5",
      "resolved": "https://registry.npmjs.org/@azure/core-tracing/-/core-tracing-1.0.0-preview.5.tgz",
      "integrity": "sha512-i3hF4EQucZmn2l4zXscwG5bilnboKHtnLMFVuzXk55dt487/9EJ5uMOP3eyTFpULGjn6xubgYFAJVpUJGVQv4w==",
      "requires": {
        "@opencensus/web-types": "0.0.7",
        "tslib": "^1.9.3"
      }
    },
    "@azure/identity": {
      "version": "1.0.0",
      "resolved": "https://registry.npmjs.org/@azure/identity/-/identity-1.0.0.tgz",
      "integrity": "sha512-IyxddNpAlvLYmtNgzedYhJPnlmJpfyJ3S+fmiVHWhCMLvJI3x1011noZu8wyJektQN7NIANKDD77H4OLjf+DUQ==",
      "requires": {
        "@azure/core-http": "^1.0.0",
        "@azure/core-tracing": "1.0.0-preview.5",
        "@azure/logger": "^1.0.0",
        "events": "^3.0.0",
        "jws": "^3.2.2",
        "msal": "^1.0.2",
        "qs": "^6.7.0",
        "tslib": "^1.9.3",
        "uuid": "^3.3.2"
      },
      "dependencies": {
        "qs": {
          "version": "6.9.1",
          "resolved": "https://registry.npmjs.org/qs/-/qs-6.9.1.tgz",
          "integrity": "sha512-Cxm7/SS/y/Z3MHWSxXb8lIFqgqBowP5JMlTUFyJN88y0SGQhVmZnqFK/PeuMX9LzUyWsqqhNxIyg0jlzq946yA=="
        }
      }
    },
    "@azure/logger": {
      "version": "1.0.0",
      "resolved": "https://registry.npmjs.org/@azure/logger/-/logger-1.0.0.tgz",
      "integrity": "sha1-SLNx37NCiMh5flwQT2xPtFvxdyw=",
      "requires": {
        "tslib": "^1.9.3"
      }
    },
    "@azure/storage-blob": {
      "version": "12.0.0",
      "resolved": "https://registry.npmjs.org/@azure/storage-blob/-/storage-blob-12.0.0.tgz",
      "integrity": "sha512-kYR9uqbLLR8WSigtMlF3x0xa3TlDOb7p2GEPCEW1OyiXEImL0z9Iwws1o1HJuD/WidkczNXpRPjtMPyq4CYe1w==",
      "requires": {
        "@azure/abort-controller": "^1.0.0",
        "@azure/core-http": "^1.0.0",
        "@azure/core-lro": "^1.0.0",
        "@azure/core-paging": "^1.0.0",
        "@azure/core-tracing": "1.0.0-preview.5",
        "@azure/logger": "^1.0.0",
        "events": "^3.0.0",
        "tslib": "^1.9.3"
      }
    },
    "@opencensus/web-types": {
      "version": "0.0.7",
      "resolved": "https://registry.npmjs.org/@opencensus/web-types/-/web-types-0.0.7.tgz",
      "integrity": "sha1-RCbeH+Wqj2JNs5XSFSuQKHTwVwo="
    },
    "@types/node": {
      "version": "12.12.8",
      "resolved": "https://registry.npmjs.org/@types/node/-/node-12.12.8.tgz",
      "integrity": "sha512-XLla8N+iyfjvsa0KKV+BP/iGSoTmwxsu5Ci5sM33z9TjohF72DEz95iNvD6pPmemvbQgxAv/909G73gUn8QR7w=="
    },
    "@types/node-fetch": {
      "version": "2.5.3",
      "resolved": "https://registry.npmjs.org/@types/node-fetch/-/node-fetch-2.5.3.tgz",
      "integrity": "sha512-X3TNlzZ7SuSwZsMkb5fV7GrPbVKvHc2iwHmslb8bIxRKWg2iqkfm3F/Wd79RhDpOXR7wCtKAwc5Y2JE6n/ibyw==",
      "requires": {
        "@types/node": "*"
      }
    },
    "@types/tunnel": {
      "version": "0.0.1",
      "resolved": "https://registry.npmjs.org/@types/tunnel/-/tunnel-0.0.1.tgz",
      "integrity": "sha1-DXJ3R2i3PfJvJd+RhCc6QtpysZw=",
      "requires": {
        "@types/node": "*"
      }
    },
    "asynckit": {
      "version": "0.4.0",
      "resolved": "https://registry.npmjs.org/asynckit/-/asynckit-0.4.0.tgz",
      "integrity": "sha1-x57Zf380y48robyXkLzDZkdLS3k="
    },
    "buffer-equal-constant-time": {
      "version": "1.0.1",
      "resolved": "https://registry.npmjs.org/buffer-equal-constant-time/-/buffer-equal-constant-time-1.0.1.tgz",
      "integrity": "sha1-+OcRMvf/5uAaXJaXpMbz5I1cyBk="
    },
    "combined-stream": {
      "version": "1.0.8",
      "resolved": "https://registry.npmjs.org/combined-stream/-/combined-stream-1.0.8.tgz",
      "integrity": "sha1-w9RaizT9cwYxoRCoolIGgrMdWn8=",
      "requires": {
        "delayed-stream": "~1.0.0"
      }
    },
    "define-properties": {
      "version": "1.1.3",
      "resolved": "https://registry.npmjs.org/define-properties/-/define-properties-1.1.3.tgz",
      "integrity": "sha1-z4jabL7ib+bbcJT2HYcMvYTO6fE=",
      "requires": {
        "object-keys": "^1.0.12"
      }
    },
    "delayed-stream": {
      "version": "1.0.0",
      "resolved": "https://registry.npmjs.org/delayed-stream/-/delayed-stream-1.0.0.tgz",
      "integrity": "sha1-3zrhmayt+31ECqrgsp4icrJOxhk="
    },
    "dotenv": {
      "version": "6.2.0",
      "resolved": "https://registry.npmjs.org/dotenv/-/dotenv-6.2.0.tgz",
      "integrity": "sha1-lBwEEFNdlCyL7PKNPzV9vZ1HYGQ="
    },
    "ecdsa-sig-formatter": {
      "version": "1.0.11",
      "resolved": "https://registry.npmjs.org/ecdsa-sig-formatter/-/ecdsa-sig-formatter-1.0.11.tgz",
      "integrity": "sha1-rg8PothQRe8UqBfao86azQSJ5b8=",
      "requires": {
        "safe-buffer": "^5.0.1"
      }
    },
    "es-abstract": {
      "version": "1.16.0",
      "resolved": "https://registry.npmjs.org/es-abstract/-/es-abstract-1.16.0.tgz",
      "integrity": "sha512-xdQnfykZ9JMEiasTAJZJdMWCQ1Vm00NBw79/AWi7ELfZuuPCSOMDZbT9mkOfSctVtfhb+sAAzrm+j//GjjLHLg==",
      "requires": {
        "es-to-primitive": "^1.2.0",
        "function-bind": "^1.1.1",
        "has": "^1.0.3",
        "has-symbols": "^1.0.0",
        "is-callable": "^1.1.4",
        "is-regex": "^1.0.4",
        "object-inspect": "^1.6.0",
        "object-keys": "^1.1.1",
        "string.prototype.trimleft": "^2.1.0",
        "string.prototype.trimright": "^2.1.0"
      }
    },
    "es-to-primitive": {
      "version": "1.2.1",
      "resolved": "https://registry.npmjs.org/es-to-primitive/-/es-to-primitive-1.2.1.tgz",
      "integrity": "sha1-5VzUyc3BiLzvsDs2bHNjI/xciYo=",
      "requires": {
        "is-callable": "^1.1.4",
        "is-date-object": "^1.0.1",
        "is-symbol": "^1.0.2"
      }
    },
    "events": {
      "version": "3.0.0",
      "resolved": "https://registry.npmjs.org/events/-/events-3.0.0.tgz",
      "integrity": "sha1-mgoN+vYok9krh1uPJpjKQRSXPog="
    },
    "function-bind": {
      "version": "1.1.1",
      "resolved": "https://registry.npmjs.org/function-bind/-/function-bind-1.1.1.tgz",
      "integrity": "sha1-pWiZ0+o8m6uHS7l3O3xe3pL0iV0="
    },
    "has": {
      "version": "1.0.3",
      "resolved": "https://registry.npmjs.org/has/-/has-1.0.3.tgz",
      "integrity": "sha1-ci18v8H2qoJB8W3YFOAR4fQeh5Y=",
      "requires": {
        "function-bind": "^1.1.1"
      }
    },
    "has-symbols": {
      "version": "1.0.1",
      "resolved": "https://registry.npmjs.org/has-symbols/-/has-symbols-1.0.1.tgz",
      "integrity": "sha1-n1IUdYpEGWxAbZvXbOv4HsLdMeg="
    },
    "ip-regex": {
      "version": "2.1.0",
      "resolved": "https://registry.npmjs.org/ip-regex/-/ip-regex-2.1.0.tgz",
      "integrity": "sha1-+ni/XS5pE8kRzp+BnuUUa7bYROk="
    },
    "is-callable": {
      "version": "1.1.4",
      "resolved": "https://registry.npmjs.org/is-callable/-/is-callable-1.1.4.tgz",
      "integrity": "sha1-HhrfIZ4e62hNaR+dagX/DTCiTXU="
    },
    "is-date-object": {
      "version": "1.0.1",
      "resolved": "https://registry.npmjs.org/is-date-object/-/is-date-object-1.0.1.tgz",
      "integrity": "sha1-mqIOtq7rv/d/vTPnTKAbM1gdOhY="
    },
    "is-regex": {
      "version": "1.0.4",
      "resolved": "https://registry.npmjs.org/is-regex/-/is-regex-1.0.4.tgz",
      "integrity": "sha1-VRdIm1RwkbCTDglWVM7SXul+lJE=",
      "requires": {
        "has": "^1.0.1"
      }
    },
    "is-symbol": {
      "version": "1.0.2",
      "resolved": "https://registry.npmjs.org/is-symbol/-/is-symbol-1.0.2.tgz",
      "integrity": "sha512-HS8bZ9ox60yCJLH9snBpIwv9pYUAkcuLhSA1oero1UB5y9aiQpRA8y2ex945AOtCZL1lJDeIk3G5LthswI46Lw==",
      "requires": {
        "has-symbols": "^1.0.0"
      }
    },
    "jwa": {
      "version": "1.4.1",
      "resolved": "https://registry.npmjs.org/jwa/-/jwa-1.4.1.tgz",
      "integrity": "sha1-dDwymFy56YZVUw1TZBtmyGRbA5o=",
      "requires": {
        "buffer-equal-constant-time": "1.0.1",
        "ecdsa-sig-formatter": "1.0.11",
        "safe-buffer": "^5.0.1"
      }
    },
    "jws": {
      "version": "3.2.2",
      "resolved": "https://registry.npmjs.org/jws/-/jws-3.2.2.tgz",
      "integrity": "sha1-ABCZ82OUaMlBQADpmZX6UvtHgwQ=",
      "requires": {
        "jwa": "^1.4.1",
        "safe-buffer": "^5.0.1"
      }
    },
    "mime-db": {
      "version": "1.40.0",
      "resolved": "https://registry.npmjs.org/mime-db/-/mime-db-1.40.0.tgz",
      "integrity": "sha512-jYdeOMPy9vnxEqFRRo6ZvTZ8d9oPb+k18PKoYNYUe2stVEBPPwsln/qWzdbmaIvnhZ9v2P+CuecK+fpUfsV2mA=="
    },
    "mime-types": {
      "version": "2.1.24",
      "resolved": "https://registry.npmjs.org/mime-types/-/mime-types-2.1.24.tgz",
      "integrity": "sha512-WaFHS3MCl5fapm3oLxU4eYDw77IQM2ACcxQ9RIxfaC3ooc6PFuBMGZZsYpvoXS5D5QTWPieo1jjLdAm3TBP3cQ==",
      "requires": {
        "mime-db": "1.40.0"
      }
    },
    "msal": {
      "version": "1.1.3",
      "resolved": "https://registry.npmjs.org/msal/-/msal-1.1.3.tgz",
      "integrity": "sha512-cdShb+N1H3OyR1y46ij6OO7QzeqC6BxrbrNcouS4JBrr1+DnZ55TumxQKEzWmTXHvsbsuz5PCyXZl812Un8L9g==",
      "requires": {
        "tslib": "^1.9.3"
      }
    },
    "node-fetch": {
      "version": "2.6.0",
      "resolved": "https://registry.npmjs.org/node-fetch/-/node-fetch-2.6.0.tgz",
      "integrity": "sha1-5jNFY4bUqlWGP2dqerDaqP3ssP0="
    },
    "object-inspect": {
      "version": "1.7.0",
      "resolved": "https://registry.npmjs.org/object-inspect/-/object-inspect-1.7.0.tgz",
      "integrity": "sha1-9Pa9GBrXfwBrXs5gvQtvOY/3Smc="
    },
    "object-keys": {
      "version": "1.1.1",
      "resolved": "https://registry.npmjs.org/object-keys/-/object-keys-1.1.1.tgz",
      "integrity": "sha1-HEfyct8nfzsdrwYWd9nILiMixg4="
    },
    "object.getownpropertydescriptors": {
      "version": "2.0.3",
      "resolved": "https://registry.npmjs.org/object.getownpropertydescriptors/-/object.getownpropertydescriptors-2.0.3.tgz",
      "integrity": "sha1-h1jIRvW0B62rDyNuCYbxSwUcqhY=",
      "requires": {
        "define-properties": "^1.1.2",
        "es-abstract": "^1.5.1"
      }
    },
    "process": {
      "version": "0.11.10",
      "resolved": "https://registry.npmjs.org/process/-/process-0.11.10.tgz",
      "integrity": "sha1-czIwDoQBYb2j5podHZGn1LwW8YI="
    },
    "psl": {
      "version": "1.4.0",
      "resolved": "https://registry.npmjs.org/psl/-/psl-1.4.0.tgz",
      "integrity": "sha512-HZzqCGPecFLyoRj5HLfuDSKYTJkAfB5thKBIkRHtGjWwY7p1dAyveIbXIq4tO0KYfDF2tHqPUgY9SDnGm00uFw=="
    },
    "punycode": {
      "version": "2.1.1",
      "resolved": "https://registry.npmjs.org/punycode/-/punycode-2.1.1.tgz",
      "integrity": "sha1-tYsBCsQMIsVldhbI0sLALHv0eew="
    },
    "safe-buffer": {
      "version": "5.2.0",
      "resolved": "https://registry.npmjs.org/safe-buffer/-/safe-buffer-5.2.0.tgz",
      "integrity": "sha1-t02uxJsRSPiMZLaNSbHoFcHy9Rk="
    },
    "string.prototype.trimleft": {
      "version": "2.1.0",
      "resolved": "https://registry.npmjs.org/string.prototype.trimleft/-/string.prototype.trimleft-2.1.0.tgz",
      "integrity": "sha1-bMR/DX641isPNwFhFxWjlUWR1jQ=",
      "requires": {
        "define-properties": "^1.1.3",
        "function-bind": "^1.1.1"
      }
    },
    "string.prototype.trimright": {
      "version": "2.1.0",
      "resolved": "https://registry.npmjs.org/string.prototype.trimright/-/string.prototype.trimright-2.1.0.tgz",
      "integrity": "sha1-Zp0WS+nfm291WfqOiZRbFopabFg=",
      "requires": {
        "define-properties": "^1.1.3",
        "function-bind": "^1.1.1"
      }
    },
    "tslib": {
      "version": "1.10.0",
      "resolved": "https://registry.npmjs.org/tslib/-/tslib-1.10.0.tgz",
      "integrity": "sha1-w8GflZc/sKYpc/sJ2Q2WHuQ+XIo="
    },
    "tunnel": {
      "version": "0.0.6",
      "resolved": "https://registry.npmjs.org/tunnel/-/tunnel-0.0.6.tgz",
      "integrity": "sha1-cvExSzSlsZLbASMk3yzFh8pH+Sw="
    },
    "util.promisify": {
      "version": "1.0.0",
      "resolved": "https://registry.npmjs.org/util.promisify/-/util.promisify-1.0.0.tgz",
      "integrity": "sha1-RA9xZaRZyaFtwUXrjnLzVocJcDA=",
      "requires": {
        "define-properties": "^1.1.2",
        "object.getownpropertydescriptors": "^2.0.3"
      }
    },
    "uuid": {
      "version": "3.3.3",
      "resolved": "https://registry.npmjs.org/uuid/-/uuid-3.3.3.tgz",
      "integrity": "sha1-RWjwIW54dg7h2/Ok0s9T4iQRKGY="
    }
  }
}
